
Microsoft Visual Studio Solution File, Format Version 12.00
# Visual Studio Version 16
VisualStudioVersion = 16.0.30413.136
MinimumVisualStudioVersion = 10.0.40219.1
Project("{9A19103F-16F7-4668-BE54-9A1E7A4F7556}") = "NetCoreStudy.WebAPI", "NetCoreStudy.WebAPI\NetCoreStudy.WebAPI.csproj", "{5A6FCECB-5B25-46C2-84AE-C552551AD9E0}"
EndProject
Project("{9A19103F-16F7-4668-BE54-9A1E7A4F7556}") = "NetCoreStudy.Domain", "NetCoreStudy.Domain\NetCoreStudy.Domain.csproj", "{E1D14937-9C3E-4F81-B9CE-AF1D99A57F3D}"
EndProject
Project("{2150E333-8FDC-42A3-9474-1A3956D46DE8}") = "BasicDemo", "BasicDemo", "{D4BA5A17-2143-46DE-9EBE-1127EABE2692}"
EndProject
Project("{2150E333-8FDC-42A3-9474-1A3956D46DE8}") = "IdentityServer4", "IdentityServer4", "{5C3ABB71-5E44-48E5-867E-D3DED996C367}"
EndProject
Project("{9A19103F-16F7-4668-BE54-9A1E7A4F7556}") = "Demo.IdentityServerApi", "Demo.IdentityServerApi\Demo.IdentityServerApi.csproj", "{35C66DD9-A535-4ECD-8A38-56284A09F04D}"
EndProject
Project("{9A19103F-16F7-4668-BE54-9A1E7A4F7556}") = "Demo.ApplicationApi", "Demo.ApplicationApi\Demo.ApplicationApi.csproj", "{D36CB1A0-BAC4-4A42-A6D7-B2F9C676D967}"
EndProject
Project("{9A19103F-16F7-4668-BE54-9A1E7A4F7556}") = "Demo.ConsoleClient", "Demo.ConsoleClient\Demo.ConsoleClient.csproj", "{2D608578-7686-4DD0-B768-C6CAEFDAEDA2}"
EndProject
Project("{9A19103F-16F7-4668-BE54-9A1E7A4F7556}") = "NetCoreStudy.Infrastructure", "NetCoreStudy.Infrastructure\NetCoreStudy.Infrastructure.csproj", "{F0414B2B-1869-47DC-9540-76DE04EB8A91}"
EndProject
Project("{2150E333-8FDC-42A3-9474-1A3956D46DE8}") = "Core", "Core", "{5045B500-8A79-488F-8922-DF79941F9242}"
EndProject
Project("{9A19103F-16F7-4668-BE54-9A1E7A4F7556}") = "NetCoreStudy.Core.Infrastructure", "NetCoreStudy.Core.Infrastructure\NetCoreStudy.Core.Infrastructure.csproj", "{8D7E4F65-A139-4771-B169-EF277C94C930}"
EndProject
Project("{9A19103F-16F7-4668-BE54-9A1E7A4F7556}") = "NetCoreStudy.Core.Domain", "NetCoreStudy.Core.Domain\NetCoreStudy.Core.Domain.csproj", "{B17049DB-E800-4B81-9544-C657C9364467}"
EndProject
Project("{2150E333-8FDC-42A3-9474-1A3956D46DE8}") = "EventBus", "EventBus", "{1C88EB09-1E10-4160-A008-E5FC3ED30236}"
EndProject
Project("{9A19103F-16F7-4668-BE54-9A1E7A4F7556}") = "DemoConsole", "DemoConsole\DemoConsole.csproj", "{67111A75-7E1C-49DF-86DD-49400907D735}"
EndProject
Project("{9A19103F-16F7-4668-BE54-9A1E7A4F7556}") = "EventBus", "EventBus\EventBus.csproj", "{BDC72813-28A3-44B1-865A-65F5C9BA1DF9}"
EndProject
Project("{2150E333-8FDC-42A3-9474-1A3956D46DE8}") = "Solution Items", "Solution Items", "{C37152A6-EFCD-48A7-8ED6-6CB716974B58}"
	ProjectSection(SolutionItems) = preProject
		README.md = README.md
	EndProjectSection
EndProject
Project("{2150E333-8FDC-42A3-9474-1A3956D46DE8}") = "Consul", "Consul", "{7AE0E1E9-CDC4-4110-8F20-07BC26C92BFB}"
EndProject
Project("{9A19103F-16F7-4668-BE54-9A1E7A4F7556}") = "ConsulDemo.APIGateway", "ConsulDemo.APIGateway\ConsulDemo.APIGateway.csproj", "{A21EB11E-FC0B-4BE4-BD3C-ADCED403EE98}"
EndProject
Project("{9A19103F-16F7-4668-BE54-9A1E7A4F7556}") = "ConsulDemo.APIA", "ConsulDemo.APIA\ConsulDemo.APIA.csproj", "{AFA87DBF-D548-4868-81DB-EBF4C8C68412}"
EndProject
Project("{9A19103F-16F7-4668-BE54-9A1E7A4F7556}") = "ConsulDemo.APIB", "ConsulDemo.APIB\ConsulDemo.APIB.csproj", "{3BE83745-539E-42E6-8193-0CB357BEBF81}"
EndProject
Project("{9A19103F-16F7-4668-BE54-9A1E7A4F7556}") = "ConsulDemo.APIBB", "ConsulDemo.APIBB\ConsulDemo.APIBB.csproj", "{36F84E10-E430-452F-9777-3F7EC9957BB4}"
EndProject
Global
	GlobalSection(SolutionConfigurationPlatforms) = preSolution
		Debug|Any CPU = Debug|Any CPU
		Release|Any CPU = Release|Any CPU
	EndGlobalSection
	GlobalSection(ProjectConfigurationPlatforms) = postSolution
		{5A6FCECB-5B25-46C2-84AE-C552551AD9E0}.Debug|Any CPU.ActiveCfg = Debug|Any CPU
		{5A6FCECB-5B25-46C2-84AE-C552551AD9E0}.Debug|Any CPU.Build.0 = Debug|Any CPU
		{5A6FCECB-5B25-46C2-84AE-C552551AD9E0}.Release|Any CPU.ActiveCfg = Release|Any CPU
		{5A6FCECB-5B25-46C2-84AE-C552551AD9E0}.Release|Any CPU.Build.0 = Release|Any CPU
		{E1D14937-9C3E-4F81-B9CE-AF1D99A57F3D}.Debug|Any CPU.ActiveCfg = Debug|Any CPU
		{E1D14937-9C3E-4F81-B9CE-AF1D99A57F3D}.Debug|Any CPU.Build.0 = Debug|Any CPU
		{E1D14937-9C3E-4F81-B9CE-AF1D99A57F3D}.Release|Any CPU.ActiveCfg = Release|Any CPU
		{E1D14937-9C3E-4F81-B9CE-AF1D99A57F3D}.Release|Any CPU.Build.0 = Release|Any CPU
		{35C66DD9-A535-4ECD-8A38-56284A09F04D}.Debug|Any CPU.ActiveCfg = Debug|Any CPU
		{35C66DD9-A535-4ECD-8A38-56284A09F04D}.Debug|Any CPU.Build.0 = Debug|Any CPU
		{35C66DD9-A535-4ECD-8A38-56284A09F04D}.Release|Any CPU.ActiveCfg = Release|Any CPU
		{35C66DD9-A535-4ECD-8A38-56284A09F04D}.Release|Any CPU.Build.0 = Release|Any CPU
		{D36CB1A0-BAC4-4A42-A6D7-B2F9C676D967}.Debug|Any CPU.ActiveCfg = Debug|Any CPU
		{D36CB1A0-BAC4-4A42-A6D7-B2F9C676D967}.Debug|Any CPU.Build.0 = Debug|Any CPU
		{D36CB1A0-BAC4-4A42-A6D7-B2F9C676D967}.Release|Any CPU.ActiveCfg = Release|Any CPU
		{D36CB1A0-BAC4-4A42-A6D7-B2F9C676D967}.Release|Any CPU.Build.0 = Release|Any CPU
		{2D608578-7686-4DD0-B768-C6CAEFDAEDA2}.Debug|Any CPU.ActiveCfg = Debug|Any CPU
		{2D608578-7686-4DD0-B768-C6CAEFDAEDA2}.Debug|Any CPU.Build.0 = Debug|Any CPU
		{2D608578-7686-4DD0-B768-C6CAEFDAEDA2}.Release|Any CPU.ActiveCfg = Release|Any CPU
		{2D608578-7686-4DD0-B768-C6CAEFDAEDA2}.Release|Any CPU.Build.0 = Release|Any CPU
		{F0414B2B-1869-47DC-9540-76DE04EB8A91}.Debug|Any CPU.ActiveCfg = Debug|Any CPU
		{F0414B2B-1869-47DC-9540-76DE04EB8A91}.Debug|Any CPU.Build.0 = Debug|Any CPU
		{F0414B2B-1869-47DC-9540-76DE04EB8A91}.Release|Any CPU.ActiveCfg = Release|Any CPU
		{F0414B2B-1869-47DC-9540-76DE04EB8A91}.Release|Any CPU.Build.0 = Release|Any CPU
		{8D7E4F65-A139-4771-B169-EF277C94C930}.Debug|Any CPU.ActiveCfg = Debug|Any CPU
		{8D7E4F65-A139-4771-B169-EF277C94C930}.Debug|Any CPU.Build.0 = Debug|Any CPU
		{8D7E4F65-A139-4771-B169-EF277C94C930}.Release|Any CPU.ActiveCfg = Release|Any CPU
		{8D7E4F65-A139-4771-B169-EF277C94C930}.Release|Any CPU.Build.0 = Release|Any CPU
		{B17049DB-E800-4B81-9544-C657C9364467}.Debug|Any CPU.ActiveCfg = Debug|Any CPU
		{B17049DB-E800-4B81-9544-C657C9364467}.Debug|Any CPU.Build.0 = Debug|Any CPU
		{B17049DB-E800-4B81-9544-C657C9364467}.Release|Any CPU.ActiveCfg = Release|Any CPU
		{B17049DB-E800-4B81-9544-C657C9364467}.Release|Any CPU.Build.0 = Release|Any CPU
		{67111A75-7E1C-49DF-86DD-49400907D735}.Debug|Any CPU.ActiveCfg = Debug|Any CPU
		{67111A75-7E1C-49DF-86DD-49400907D735}.Debug|Any CPU.Build.0 = Debug|Any CPU
		{67111A75-7E1C-49DF-86DD-49400907D735}.Release|Any CPU.ActiveCfg = Release|Any CPU
		{67111A75-7E1C-49DF-86DD-49400907D735}.Release|Any CPU.Build.0 = Release|Any CPU
		{BDC72813-28A3-44B1-865A-65F5C9BA1DF9}.Debug|Any CPU.ActiveCfg = Debug|Any CPU
		{BDC72813-28A3-44B1-865A-65F5C9BA1DF9}.Debug|Any CPU.Build.0 = Debug|Any CPU
		{BDC72813-28A3-44B1-865A-65F5C9BA1DF9}.Release|Any CPU.ActiveCfg = Release|Any CPU
		{BDC72813-28A3-44B1-865A-65F5C9BA1DF9}.Release|Any CPU.Build.0 = Release|Any CPU
		{A21EB11E-FC0B-4BE4-BD3C-ADCED403EE98}.Debug|Any CPU.ActiveCfg = Debug|Any CPU
		{A21EB11E-FC0B-4BE4-BD3C-ADCED403EE98}.Debug|Any CPU.Build.0 = Debug|Any CPU
		{A21EB11E-FC0B-4BE4-BD3C-ADCED403EE98}.Release|Any CPU.ActiveCfg = Release|Any CPU
		{A21EB11E-FC0B-4BE4-BD3C-ADCED403EE98}.Release|Any CPU.Build.0 = Release|Any CPU
		{AFA87DBF-D548-4868-81DB-EBF4C8C68412}.Debug|Any CPU.ActiveCfg = Debug|Any CPU
		{AFA87DBF-D548-4868-81DB-EBF4C8C68412}.Debug|Any CPU.Build.0 = Debug|Any CPU
		{AFA87DBF-D548-4868-81DB-EBF4C8C68412}.Release|Any CPU.ActiveCfg = Release|Any CPU
		{AFA87DBF-D548-4868-81DB-EBF4C8C68412}.Release|Any CPU.Build.0 = Release|Any CPU
		{3BE83745-539E-42E6-8193-0CB357BEBF81}.Debug|Any CPU.ActiveCfg = Debug|Any CPU
		{3BE83745-539E-42E6-8193-0CB357BEBF81}.Debug|Any CPU.Build.0 = Debug|Any CPU
		{3BE83745-539E-42E6-8193-0CB357BEBF81}.Release|Any CPU.ActiveCfg = Release|Any CPU
		{3BE83745-539E-42E6-8193-0CB357BEBF81}.Release|Any CPU.Build.0 = Release|Any CPU
		{36F84E10-E430-452F-9777-3F7EC9957BB4}.Debug|Any CPU.ActiveCfg = Debug|Any CPU
		{36F84E10-E430-452F-9777-3F7EC9957BB4}.Debug|Any CPU.Build.0 = Debug|Any CPU
		{36F84E10-E430-452F-9777-3F7EC9957BB4}.Release|Any CPU.ActiveCfg = Release|Any CPU
		{36F84E10-E430-452F-9777-3F7EC9957BB4}.Release|Any CPU.Build.0 = Release|Any CPU
	EndGlobalSection
	GlobalSection(SolutionProperties) = preSolution
		HideSolutionNode = FALSE
	EndGlobalSection
	GlobalSection(NestedProjects) = preSolution
		{5A6FCECB-5B25-46C2-84AE-C552551AD9E0} = {D4BA5A17-2143-46DE-9EBE-1127EABE2692}
		{E1D14937-9C3E-4F81-B9CE-AF1D99A57F3D} = {D4BA5A17-2143-46DE-9EBE-1127EABE2692}
		{35C66DD9-A535-4ECD-8A38-56284A09F04D} = {5C3ABB71-5E44-48E5-867E-D3DED996C367}
		{D36CB1A0-BAC4-4A42-A6D7-B2F9C676D967} = {5C3ABB71-5E44-48E5-867E-D3DED996C367}
		{2D608578-7686-4DD0-B768-C6CAEFDAEDA2} = {5C3ABB71-5E44-48E5-867E-D3DED996C367}
		{F0414B2B-1869-47DC-9540-76DE04EB8A91} = {D4BA5A17-2143-46DE-9EBE-1127EABE2692}
		{8D7E4F65-A139-4771-B169-EF277C94C930} = {5045B500-8A79-488F-8922-DF79941F9242}
		{B17049DB-E800-4B81-9544-C657C9364467} = {5045B500-8A79-488F-8922-DF79941F9242}
		{67111A75-7E1C-49DF-86DD-49400907D735} = {1C88EB09-1E10-4160-A008-E5FC3ED30236}
		{BDC72813-28A3-44B1-865A-65F5C9BA1DF9} = {1C88EB09-1E10-4160-A008-E5FC3ED30236}
		{A21EB11E-FC0B-4BE4-BD3C-ADCED403EE98} = {7AE0E1E9-CDC4-4110-8F20-07BC26C92BFB}
		{AFA87DBF-D548-4868-81DB-EBF4C8C68412} = {7AE0E1E9-CDC4-4110-8F20-07BC26C92BFB}
		{3BE83745-539E-42E6-8193-0CB357BEBF81} = {7AE0E1E9-CDC4-4110-8F20-07BC26C92BFB}
		{36F84E10-E430-452F-9777-3F7EC9957BB4} = {7AE0E1E9-CDC4-4110-8F20-07BC26C92BFB}
	EndGlobalSection
	GlobalSection(ExtensibilityGlobals) = postSolution
		SolutionGuid = {6A53554E-6DD7-48BD-8F50-2EB22E1B409A}
	EndGlobalSection
EndGlobal
